
Microsoft Visual Studio Solution File, Format Version 12.00
Project("{FAE04EC0-301F-11D3-BF4B-00C04F79EFBC}") = "WebApplication5", "WebApplication5\WebApplication5.csproj", "{E953AB4C-D22A-4DDE-9F4C-724EFC04ABC5}"
EndProject
Project("{FAE04EC0-301F-11D3-BF4B-00C04F79EFBC}") = "VocationScheduler", "VocationScheduler\VocationScheduler.csproj", "{6BB7A5B2-4B71-472F-8F55-19B44027E894}"
EndProject
Project("{2150E333-8FDC-42A3-9474-1A3956D46DE8}") = "src", "src", "{944A6764-4658-4370-A89F-16F84F71A8E5}"
EndProject
Project("{2150E333-8FDC-42A3-9474-1A3956D46DE8}") = "Core", "Core", "{75E4BA27-A7EA-46A0-A8D4-5D2827B98A97}"
EndProject
Project("{FAE04EC0-301F-11D3-BF4B-00C04F79EFBC}") = "Application", "Application\Application.csproj", "{B7C3DD27-CC40-42A4-B9E1-3AEE67455DB5}"
EndProject
Project("{FAE04EC0-301F-11D3-BF4B-00C04F79EFBC}") = "Domain", "Domain\Domain.csproj", "{B9523218-4397-435C-910E-2265A7ADA032}"
EndProject
Project("{2150E333-8FDC-42A3-9474-1A3956D46DE8}") = "Infrastructure", "Infrastructure", "{93375DDB-EF55-440B-B97B-F87EDDC21337}"
EndProject
Project("{FAE04EC0-301F-11D3-BF4B-00C04F79EFBC}") = "Infrastructure", "Infrastructure\Infrastructure.csproj", "{77E00F11-8C10-4776-A759-C1C1C323651A}"
EndProject
Project("{FAE04EC0-301F-11D3-BF4B-00C04F79EFBC}") = "Presentation", "Presentation\Presentation.csproj", "{B3B374F4-CEC0-42C5-9FB4-A1FA6A3750D3}"
EndProject
Global
	GlobalSection(SolutionConfigurationPlatforms) = preSolution
		Debug|Any CPU = Debug|Any CPU
		Release|Any CPU = Release|Any CPU
	EndGlobalSection
	GlobalSection(ProjectConfigurationPlatforms) = postSolution
		{E953AB4C-D22A-4DDE-9F4C-724EFC04ABC5}.Debug|Any CPU.ActiveCfg = Debug|Any CPU
		{E953AB4C-D22A-4DDE-9F4C-724EFC04ABC5}.Debug|Any CPU.Build.0 = Debug|Any CPU
		{E953AB4C-D22A-4DDE-9F4C-724EFC04ABC5}.Release|Any CPU.ActiveCfg = Release|Any CPU
		{E953AB4C-D22A-4DDE-9F4C-724EFC04ABC5}.Release|Any CPU.Build.0 = Release|Any CPU
		{6BB7A5B2-4B71-472F-8F55-19B44027E894}.Debug|Any CPU.ActiveCfg = Debug|Any CPU
		{6BB7A5B2-4B71-472F-8F55-19B44027E894}.Debug|Any CPU.Build.0 = Debug|Any CPU
		{6BB7A5B2-4B71-472F-8F55-19B44027E894}.Release|Any CPU.ActiveCfg = Release|Any CPU
		{6BB7A5B2-4B71-472F-8F55-19B44027E894}.Release|Any CPU.Build.0 = Release|Any CPU
		{B7C3DD27-CC40-42A4-B9E1-3AEE67455DB5}.Debug|Any CPU.ActiveCfg = Debug|Any CPU
		{B7C3DD27-CC40-42A4-B9E1-3AEE67455DB5}.Debug|Any CPU.Build.0 = Debug|Any CPU
		{B7C3DD27-CC40-42A4-B9E1-3AEE67455DB5}.Release|Any CPU.ActiveCfg = Release|Any CPU
		{B7C3DD27-CC40-42A4-B9E1-3AEE67455DB5}.Release|Any CPU.Build.0 = Release|Any CPU
		{B9523218-4397-435C-910E-2265A7ADA032}.Debug|Any CPU.ActiveCfg = Debug|Any CPU
		{B9523218-4397-435C-910E-2265A7ADA032}.Debug|Any CPU.Build.0 = Debug|Any CPU
		{B9523218-4397-435C-910E-2265A7ADA032}.Release|Any CPU.ActiveCfg = Release|Any CPU
		{B9523218-4397-435C-910E-2265A7ADA032}.Release|Any CPU.Build.0 = Release|Any CPU
		{77E00F11-8C10-4776-A759-C1C1C323651A}.Debug|Any CPU.ActiveCfg = Debug|Any CPU
		{77E00F11-8C10-4776-A759-C1C1C323651A}.Debug|Any CPU.Build.0 = Debug|Any CPU
		{77E00F11-8C10-4776-A759-C1C1C323651A}.Release|Any CPU.ActiveCfg = Release|Any CPU
		{77E00F11-8C10-4776-A759-C1C1C323651A}.Release|Any CPU.Build.0 = Release|Any CPU
		{B3B374F4-CEC0-42C5-9FB4-A1FA6A3750D3}.Debug|Any CPU.ActiveCfg = Debug|Any CPU
		{B3B374F4-CEC0-42C5-9FB4-A1FA6A3750D3}.Debug|Any CPU.Build.0 = Debug|Any CPU
		{B3B374F4-CEC0-42C5-9FB4-A1FA6A3750D3}.Release|Any CPU.ActiveCfg = Release|Any CPU
		{B3B374F4-CEC0-42C5-9FB4-A1FA6A3750D3}.Release|Any CPU.Build.0 = Release|Any CPU
	EndGlobalSection
	GlobalSection(NestedProjects) = preSolution
		{75E4BA27-A7EA-46A0-A8D4-5D2827B98A97} = {944A6764-4658-4370-A89F-16F84F71A8E5}
		{B7C3DD27-CC40-42A4-B9E1-3AEE67455DB5} = {75E4BA27-A7EA-46A0-A8D4-5D2827B98A97}
		{B9523218-4397-435C-910E-2265A7ADA032} = {75E4BA27-A7EA-46A0-A8D4-5D2827B98A97}
		{77E00F11-8C10-4776-A759-C1C1C323651A} = {93375DDB-EF55-440B-B97B-F87EDDC21337}
		{B3B374F4-CEC0-42C5-9FB4-A1FA6A3750D3} = {93375DDB-EF55-440B-B97B-F87EDDC21337}
		{93375DDB-EF55-440B-B97B-F87EDDC21337} = {944A6764-4658-4370-A89F-16F84F71A8E5}
	EndGlobalSection
EndGlobal
